// !$*UTF8*$!
{
	archiveVersion = 1;
	classes = {
	};
	objectVersion = 55;
	objects = {

/* Begin PBXBuildFile section */
		2257E9282809653D003546C3 /* TrackTableViewCell.swift in Sources */ = {isa = PBXBuildFile; fileRef = 2257E9272809653D003546C3 /* TrackTableViewCell.swift */; };
		22B879DB2807BDA000E20A3D /* AppDelegate.swift in Sources */ = {isa = PBXBuildFile; fileRef = 22B879DA2807BDA000E20A3D /* AppDelegate.swift */; };
		22B879DD2807BDA000E20A3D /* SceneDelegate.swift in Sources */ = {isa = PBXBuildFile; fileRef = 22B879DC2807BDA000E20A3D /* SceneDelegate.swift */; };
		22B879DF2807BDA000E20A3D /* ViewController.swift in Sources */ = {isa = PBXBuildFile; fileRef = 22B879DE2807BDA000E20A3D /* ViewController.swift */; };
		22B879E22807BDA000E20A3D /* Main.storyboard in Resources */ = {isa = PBXBuildFile; fileRef = 22B879E02807BDA000E20A3D /* Main.storyboard */; };
		22B879E42807BDA100E20A3D /* Assets.xcassets in Resources */ = {isa = PBXBuildFile; fileRef = 22B879E32807BDA100E20A3D /* Assets.xcassets */; };
		22B879E72807BDA100E20A3D /* LaunchScreen.storyboard in Resources */ = {isa = PBXBuildFile; fileRef = 22B879E52807BDA100E20A3D /* LaunchScreen.storyboard */; };
		22B879EF2807C01300E20A3D /* LaunchpadView.swift in Sources */ = {isa = PBXBuildFile; fileRef = 22B879EE2807C01300E20A3D /* LaunchpadView.swift */; };
		22B879F22807F44600E20A3D /* UserDefaults.swift in Sources */ = {isa = PBXBuildFile; fileRef = 22B879F12807F44600E20A3D /* UserDefaults.swift */; };
		22B879F428082E9600E20A3D /* SearchTableViewController.swift in Sources */ = {isa = PBXBuildFile; fileRef = 22B879F328082E9600E20A3D /* SearchTableViewController.swift */; };
		22B879F62809508900E20A3D /* ItunesQueryService.swift in Sources */ = {isa = PBXBuildFile; fileRef = 22B879F52809508900E20A3D /* ItunesQueryService.swift */; };
/* End PBXBuildFile section */

/* Begin PBXFileReference section */
		2257E9272809653D003546C3 /* TrackTableViewCell.swift */ = {isa = PBXFileReference; lastKnownFileType = sourcecode.swift; path = TrackTableViewCell.swift; sourceTree = "<group>"; };
		22B879D72807BDA000E20A3D /* Launchpad.app */ = {isa = PBXFileReference; explicitFileType = wrapper.application; includeInIndex = 0; path = Launchpad.app; sourceTree = BUILT_PRODUCTS_DIR; };
		22B879DA2807BDA000E20A3D /* AppDelegate.swift */ = {isa = PBXFileReference; lastKnownFileType = sourcecode.swift; path = AppDelegate.swift; sourceTree = "<group>"; };
		22B879DC2807BDA000E20A3D /* SceneDelegate.swift */ = {isa = PBXFileReference; lastKnownFileType = sourcecode.swift; path = SceneDelegate.swift; sourceTree = "<group>"; };
		22B879DE2807BDA000E20A3D /* ViewController.swift */ = {isa = PBXFileReference; lastKnownFileType = sourcecode.swift; path = ViewController.swift; sourceTree = "<group>"; };
		22B879E12807BDA000E20A3D /* Base */ = {isa = PBXFileReference; lastKnownFileType = file.storyboard; name = Base; path = Base.lproj/Main.storyboard; sourceTree = "<group>"; };
		22B879E32807BDA100E20A3D /* Assets.xcassets */ = {isa = PBXFileReference; lastKnownFileType = folder.assetcatalog; path = Assets.xcassets; sourceTree = "<group>"; };
		22B879E62807BDA100E20A3D /* Base */ = {isa = PBXFileReference; lastKnownFileType = file.storyboard; name = Base; path = Base.lproj/LaunchScreen.storyboard; sourceTree = "<group>"; };
		22B879E82807BDA100E20A3D /* Info.plist */ = {isa = PBXFileReference; lastKnownFileType = text.plist.xml; path = Info.plist; sourceTree = "<group>"; };
		22B879EE2807C01300E20A3D /* LaunchpadView.swift */ = {isa = PBXFileReference; lastKnownFileType = sourcecode.swift; path = LaunchpadView.swift; sourceTree = "<group>"; };
		22B879F12807F44600E20A3D /* UserDefaults.swift */ = {isa = PBXFileReference; lastKnownFileType = sourcecode.swift; path = UserDefaults.swift; sourceTree = "<group>"; };
		22B879F328082E9600E20A3D /* SearchTableViewController.swift */ = {isa = PBXFileReference; lastKnownFileType = sourcecode.swift; path = SearchTableViewController.swift; sourceTree = "<group>"; };
		22B879F52809508900E20A3D /* ItunesQueryService.swift */ = {isa = PBXFileReference; fileEncoding = 4; lastKnownFileType = sourcecode.swift; path = ItunesQueryService.swift; sourceTree = "<group>"; };
/* End PBXFileReference section */

/* Begin PBXFrameworksBuildPhase section */
		22B879D42807BDA000E20A3D /* Frameworks */ = {
			isa = PBXFrameworksBuildPhase;
			buildActionMask = 2147483647;
			files = (
			);
			runOnlyForDeploymentPostprocessing = 0;
		};
/* End PBXFrameworksBuildPhase section */

/* Begin PBXGroup section */
		22B879CE2807BDA000E20A3D = {
			isa = PBXGroup;
			children = (
				22B879D92807BDA000E20A3D /* Launchpad */,
				22B879D82807BDA000E20A3D /* Products */,
			);
			sourceTree = "<group>";
		};
		22B879D82807BDA000E20A3D /* Products */ = {
			isa = PBXGroup;
			children = (
				22B879D72807BDA000E20A3D /* Launchpad.app */,
			);
			name = Products;
			sourceTree = "<group>";
		};
		22B879D92807BDA000E20A3D /* Launchpad */ = {
			isa = PBXGroup;
			children = (
				22B879DA2807BDA000E20A3D /* AppDelegate.swift */,
				22B879DC2807BDA000E20A3D /* SceneDelegate.swift */,
				22B879F52809508900E20A3D /* ItunesQueryService.swift */,
				22B879DE2807BDA000E20A3D /* ViewController.swift */,
				22B879F328082E9600E20A3D /* SearchTableViewController.swift */,
				2257E9272809653D003546C3 /* TrackTableViewCell.swift */,
				22B879EE2807C01300E20A3D /* LaunchpadView.swift */,
				22B879F02807F42900E20A3D /* Extension */,
				22B879E02807BDA000E20A3D /* Main.storyboard */,
				22B879E32807BDA100E20A3D /* Assets.xcassets */,
				22B879E52807BDA100E20A3D /* LaunchScreen.storyboard */,
				22B879E82807BDA100E20A3D /* Info.plist */,
			);
			path = Launchpad;
			sourceTree = "<group>";
		};
		22B879F02807F42900E20A3D /* Extension */ = {
			isa = PBXGroup;
			children = (
				22B879F12807F44600E20A3D /* UserDefaults.swift */,
			);
			path = Extension;
			sourceTree = "<group>";
		};
/* End PBXGroup section */

/* Begin PBXNativeTarget section */
		22B879D62807BDA000E20A3D /* Launchpad */ = {
			isa = PBXNativeTarget;
			buildConfigurationList = 22B879EB2807BDA100E20A3D /* Build configuration list for PBXNativeTarget "Launchpad" */;
			buildPhases = (
				22B879D32807BDA000E20A3D /* Sources */,
				22B879D42807BDA000E20A3D /* Frameworks */,
				22B879D52807BDA000E20A3D /* Resources */,
			);
			buildRules = (
			);
			dependencies = (
			);
			name = Launchpad;
			productName = Launchpad;
			productReference = 22B879D72807BDA000E20A3D /* Launchpad.app */;
			productType = "com.apple.product-type.application";
		};
/* End PBXNativeTarget section */

/* Begin PBXProject section */
		22B879CF2807BDA000E20A3D /* Project object */ = {
			isa = PBXProject;
			attributes = {
				BuildIndependentTargetsInParallel = 1;
				LastSwiftUpdateCheck = 1320;
				LastUpgradeCheck = 1320;
				TargetAttributes = {
					22B879D62807BDA000E20A3D = {
						CreatedOnToolsVersion = 13.2.1;
					};
				};
			};
			buildConfigurationList = 22B879D22807BDA000E20A3D /* Build configuration list for PBXProject "Launchpad" */;
			compatibilityVersion = "Xcode 13.0";
			developmentRegion = en;
			hasScannedForEncodings = 0;
			knownRegions = (
				en,
				Base,
			);
			mainGroup = 22B879CE2807BDA000E20A3D;
			productRefGroup = 22B879D82807BDA000E20A3D /* Products */;
			projectDirPath = "";
			projectRoot = "";
			targets = (
				22B879D62807BDA000E20A3D /* Launchpad */,
			);
		};
/* End PBXProject section */

/* Begin PBXResourcesBuildPhase section */
		22B879D52807BDA000E20A3D /* Resources */ = {
			isa = PBXResourcesBuildPhase;
			buildActionMask = 2147483647;
			files = (
				22B879E72807BDA100E20A3D /* LaunchScreen.storyboard in Resources */,
				22B879E42807BDA100E20A3D /* Assets.xcassets in Resources */,
				22B879E22807BDA000E20A3D /* Main.storyboard in Resources */,
			);
			runOnlyForDeploymentPostprocessing = 0;
		};
/* End PBXResourcesBuildPhase section */

/* Begin PBXSourcesBuildPhase section */
		22B879D32807BDA000E20A3D /* Sources */ = {
			isa = PBXSourcesBuildPhase;
			buildActionMask = 2147483647;
			files = (
				22B879DF2807BDA000E20A3D /* ViewController.swift in Sources */,
				22B879F428082E9600E20A3D /* SearchTableViewController.swift in Sources */,
				22B879F22807F44600E20A3D /* UserDefaults.swift in Sources */,
				2257E9282809653D003546C3 /* TrackTableViewCell.swift in Sources */,
				22B879EF2807C01300E20A3D /* LaunchpadView.swift in Sources */,
				22B879DB2807BDA000E20A3D /* AppDelegate.swift in Sources */,
				22B879F62809508900E20A3D /* ItunesQueryService.swift in Sources */,
				22B879DD2807BDA000E20A3D /* SceneDelegate.swift in Sources */,
			);
			runOnlyForDeploymentPostprocessing = 0;
		};
/* End PBXSourcesBuildPhase section */

/* Begin PBXVariantGroup section */
		22B879E02807BDA000E20A3D /* Main.storyboard */ = {
			isa = PBXVariantGroup;
			children = (
				22B879E12807BDA000E20A3D /* Base */,
			);
			name = Main.storyboard;
			sourceTree = "<group>";
		};
		22B879E52807BDA100E20A3D /* LaunchScreen.storyboard */ = {
			isa = PBXVariantGroup;
			children = (
				22B879E62807BDA100E20A3D /* Base */,
			);
			name = LaunchScreen.storyboard;
			sourceTree = "<group>";
		};
/* End PBXVariantGroup section */

/* Begin XCBuildConfiguration section */
		22B879E92807BDA100E20A3D /* Debug */ = {
			isa = XCBuildConfiguration;
			buildSettings = {
				ALWAYS_SEARCH_USER_PATHS = NO;
				CLANG_ANALYZER_NONNULL = YES;
				CLANG_ANALYZER_NUMBER_OBJECT_CONVERSION = YES_AGGRESSIVE;
				CLANG_CXX_LANGUAGE_STANDARD = "gnu++17";
				CLANG_CXX_LIBRARY = "libc++";
				CLANG_ENABLE_MODULES = YES;
				CLANG_ENABLE_OBJC_ARC = YES;
				CLANG_ENABLE_OBJC_WEAK = YES;
				CLANG_WARN_BLOCK_CAPTURE_AUTORELEASING = YES;
				CLANG_WARN_BOOL_CONVERSION = YES;
				CLANG_WARN_COMMA = YES;
				CLANG_WARN_CONSTANT_CONVERSION = YES;
				CLANG_WARN_DEPRECATED_OBJC_IMPLEMENTATIONS = YES;
				CLANG_WARN_DIRECT_OBJC_ISA_USAGE = YES_ERROR;
				CLANG_WARN_DOCUMENTATION_COMMENTS = YES;
				CLANG_WARN_EMPTY_BODY = YES;
				CLANG_WARN_ENUM_CONVERSION = YES;
				CLANG_WARN_INFINITE_RECURSION = YES;
				CLANG_WARN_INT_CONVERSION = YES;
				CLANG_WARN_NON_LITERAL_NULL_CONVERSION = YES;
				CLANG_WARN_OBJC_IMPLICIT_RETAIN_SELF = YES;
				CLANG_WARN_OBJC_LITERAL_CONVERSION = YES;
				CLANG_WARN_OBJC_ROOT_CLASS = YES_ERROR;
				CLANG_WARN_QUOTED_INCLUDE_IN_FRAMEWORK_HEADER = YES;
				CLANG_WARN_RANGE_LOOP_ANALYSIS = YES;
				CLANG_WARN_STRICT_PROTOTYPES = YES;
				CLANG_WARN_SUSPICIOUS_MOVE = YES;
				CLANG_WARN_UNGUARDED_AVAILABILITY = YES_AGGRESSIVE;
				CLANG_WARN_UNREACHABLE_CODE = YES;
				CLANG_WARN__DUPLICATE_METHOD_MATCH = YES;
				COPY_PHASE_STRIP = NO;
				DEBUG_INFORMATION_FORMAT = dwarf;
				ENABLE_STRICT_OBJC_MSGSEND = YES;
				ENABLE_TESTABILITY = YES;
				GCC_C_LANGUAGE_STANDARD = gnu11;
				GCC_DYNAMIC_NO_PIC = NO;
				GCC_NO_COMMON_BLOCKS = YES;
				GCC_OPTIMIZATION_LEVEL = 0;
				GCC_PREPROCESSOR_DEFINITIONS = (
					"DEBUG=1",
					"$(inherited)",
				);
				GCC_WARN_64_TO_32_BIT_CONVERSION = YES;
				GCC_WARN_ABOUT_RETURN_TYPE = YES_ERROR;
				GCC_WARN_UNDECLARED_SELECTOR = YES;
				GCC_WARN_UNINITIALIZED_AUTOS = YES_AGGRESSIVE;
				GCC_WARN_UNUSED_FUNCTION = YES;
				GCC_WARN_UNUSED_VARIABLE = YES;
				IPHONEOS_DEPLOYMENT_TARGET = 15.2;
				MTL_ENABLE_DEBUG_INFO = INCLUDE_SOURCE;
				MTL_FAST_MATH = YES;
				ONLY_ACTIVE_ARCH = YES;
				SDKROOT = iphoneos;
				SWIFT_ACTIVE_COMPILATION_CONDITIONS = DEBUG;
				SWIFT_OPTIMIZATION_LEVEL = "-Onone";
			};
			name = Debug;
		};
		22B879EA2807BDA100E20A3D /* Release */ = {
			isa = XCBuildConfiguration;
			buildSettings = {
				ALWAYS_SEARCH_USER_PATHS = NO;
				CLANG_ANALYZER_NONNULL = YES;
				CLANG_ANALYZER_NUMBER_OBJECT_CONVERSION = YES_AGGRESSIVE;
				CLANG_CXX_LANGUAGE_STANDARD = "gnu++17";
				CLANG_CXX_LIBRARY = "libc++";
				CLANG_ENABLE_MODULES = YES;
				CLANG_ENABLE_OBJC_ARC = YES;
				CLANG_ENABLE_OBJC_WEAK = YES;
				CLANG_WARN_BLOCK_CAPTURE_AUTORELEASING = YES;
				CLANG_WARN_BOOL_CONVERSION = YES;
				CLANG_WARN_COMMA = YES;
				CLANG_WARN_CONSTANT_CONVERSION = YES;
				CLANG_WARN_DEPRECATED_OBJC_IMPLEMENTATIONS = YES;
				CLANG_WARN_DIRECT_OBJC_ISA_USAGE = YES_ERROR;
				CLANG_WARN_DOCUMENTATION_COMMENTS = YES;
				CLANG_WARN_EMPTY_BODY = YES;
				CLANG_WARN_ENUM_CONVERSION = YES;
				CLANG_WARN_INFINITE_RECURSION = YES;
				CLANG_WARN_INT_CONVERSION = YES;
				CLANG_WARN_NON_LITERAL_NULL_CONVERSION = YES;
				CLANG_WARN_OBJC_IMPLICIT_RETAIN_SELF = YES;
				CLANG_WARN_OBJC_LITERAL_CONVERSION = YES;
				CLANG_WARN_OBJC_ROOT_CLASS = YES_ERROR;
				CLANG_WARN_QUOTED_INCLUDE_IN_FRAMEWORK_HEADER = YES;
				CLANG_WARN_RANGE_LOOP_ANALYSIS = YES;
				CLANG_WARN_STRICT_PROTOTYPES = YES;
				CLANG_WARN_SUSPICIOUS_MOVE = YES;
				CLANG_WARN_UNGUARDED_AVAILABILITY = YES_AGGRESSIVE;
				CLANG_WARN_UNREACHABLE_CODE = YES;
				CLANG_WARN__DUPLICATE_METHOD_MATCH = YES;
				COPY_PHASE_STRIP = NO;
				DEBUG_INFORMATION_FORMAT = "dwarf-with-dsym";
				ENABLE_NS_ASSERTIONS = NO;
				ENABLE_STRICT_OBJC_MSGSEND = YES;
				GCC_C_LANGUAGE_STANDARD = gnu11;
				GCC_NO_COMMON_BLOCKS = YES;
				GCC_WARN_64_TO_32_BIT_CONVERSION = YES;
				GCC_WARN_ABOUT_RETURN_TYPE = YES_ERROR;
				GCC_WARN_UNDECLARED_SELECTOR = YES;
				GCC_WARN_UNINITIALIZED_AUTOS = YES_AGGRESSIVE;
				GCC_WARN_UNUSED_FUNCTION = YES;
				GCC_WARN_UNUSED_VARIABLE = YES;
				IPHONEOS_DEPLOYMENT_TARGET = 15.2;
				MTL_ENABLE_DEBUG_INFO = NO;
				MTL_FAST_MATH = YES;
				SDKROOT = iphoneos;
				SWIFT_COMPILATION_MODE = wholemodule;
				SWIFT_OPTIMIZATION_LEVEL = "-O";
				VALIDATE_PRODUCT = YES;
			};
			name = Release;
		};
		22B879EC2807BDA100E20A3D /* Debug */ = {
			isa = XCBuildConfiguration;
			buildSettings = {
				ASSETCATALOG_COMPILER_APPICON_NAME = AppIcon;
				ASSETCATALOG_COMPILER_GLOBAL_ACCENT_COLOR_NAME = AccentColor;
				CODE_SIGN_STYLE = Automatic;
				CURRENT_PROJECT_VERSION = 1;
				GENERATE_INFOPLIST_FILE = YES;
				INFOPLIST_FILE = Launchpad/Info.plist;
				INFOPLIST_KEY_UIApplicationSupportsIndirectInputEvents = YES;
				INFOPLIST_KEY_UILaunchStoryboardName = LaunchScreen;
				INFOPLIST_KEY_UIMainStoryboardFile = Main;
				INFOPLIST_KEY_UISupportedInterfaceOrientations_iPad = "UIInterfaceOrientationPortrait UIInterfaceOrientationPortraitUpsideDown UIInterfaceOrientationLandscapeLeft UIInterfaceOrientationLandscapeRight";
				INFOPLIST_KEY_UISupportedInterfaceOrientations_iPhone = "UIInterfaceOrientationPortrait UIInterfaceOrientationLandscapeLeft UIInterfaceOrientationLandscapeRight";
				LD_RUNPATH_SEARCH_PATHS = (
					"$(inherited)",
					"@executable_path/Frameworks",
				);
				MARKETING_VERSION = 1.0;
				PRODUCT_BUNDLE_IDENTIFIER = edu.ivan.Launchpad;
				PRODUCT_NAME = "$(TARGET_NAME)";
				SWIFT_EMIT_LOC_STRINGS = YES;
				SWIFT_VERSION = 5.0;
				TARGETED_DEVICE_FAMILY = "1,2";
			};
			name = Debug;
		};
		22B879ED2807BDA100E20A3D /* Release */ = {
			isa = XCBuildConfiguration;
			buildSettings = {
				ASSETCATALOG_COMPILER_APPICON_NAME = AppIcon;
				ASSETCATALOG_COMPILER_GLOBAL_ACCENT_COLOR_NAME = AccentColor;
				CODE_SIGN_STYLE = Automatic;
				CURRENT_PROJECT_VERSION = 1;
				GENERATE_INFOPLIST_FILE = YES;
				INFOPLIST_FILE = Launchpad/Info.plist;
				INFOPLIST_KEY_UIApplicationSupportsIndirectInputEvents = YES;
				INFOPLIST_KEY_UILaunchStoryboardName = LaunchScreen;
				INFOPLIST_KEY_UIMainStoryboardFile = Main;
				INFOPLIST_KEY_UISupportedInterfaceOrientations_iPad = "UIInterfaceOrientationPortrait UIInterfaceOrientationPortraitUpsideDown UIInterfaceOrientationLandscapeLeft UIInterfaceOrientationLandscapeRight";
				INFOPLIST_KEY_UISupportedInterfaceOrientations_iPhone = "UIInterfaceOrientationPortrait UIInterfaceOrientationLandscapeLeft UIInterfaceOrientationLandscapeRight";
				LD_RUNPATH_SEARCH_PATHS = (
					"$(inherited)",
					"@executable_path/Frameworks",
				);
				MARKETING_VERSION = 1.0;
				PRODUCT_BUNDLE_IDENTIFIER = edu.ivan.Launchpad;
				PRODUCT_NAME = "$(TARGET_NAME)";
				SWIFT_EMIT_LOC_STRINGS = YES;
				SWIFT_VERSION = 5.0;
				TARGETED_DEVICE_FAMILY = "1,2";
			};
			name = Release;
		};
/* End XCBuildConfiguration section */

/* Begin XCConfigurationList section */
		22B879D22807BDA000E20A3D /* Build configuration list for PBXProject "Launchpad" */ = {
			isa = XCConfigurationList;
			buildConfigurations = (
				22B879E92807BDA100E20A3D /* Debug */,
				22B879EA2807BDA100E20A3D /* Release */,
			);
			defaultConfigurationIsVisible = 0;
			defaultConfigurationName = Release;
		};
		22B879EB2807BDA100E20A3D /* Build configuration list for PBXNativeTarget "Launchpad" */ = {
			isa = XCConfigurationList;
			buildConfigurations = (
				22B879EC2807BDA100E20A3D /* Debug */,
				22B879ED2807BDA100E20A3D /* Release */,
			);
			defaultConfigurationIsVisible = 0;
			defaultConfigurationName = Release;
		};
/* End XCConfigurationList section */
	};
	rootObject = 22B879CF2807BDA000E20A3D /* Project object */;
}
